
Microsoft Visual Studio Solution File, Format Version 12.00
# Visual Studio Version 16
VisualStudioVersion = 16.0.31624.102
MinimumVisualStudioVersion = 10.0.40219.1
Project("{FAE04EC0-301F-11D3-BF4B-00C04F79EFBC}") = "LR4", "LR4.csproj", "{16BC9C96-3361-45A1-A039-73FF0F1218CB}"
EndProject
Global
	GlobalSection(SolutionConfigurationPlatforms) = preSolution
		Debug|Any CPU = Debug|Any CPU
		Release|Any CPU = Release|Any CPU
	EndGlobalSection
	GlobalSection(ProjectConfigurationPlatforms) = postSolution
		{16BC9C96-3361-45A1-A039-73FF0F1218CB}.Debug|Any CPU.ActiveCfg = Debug|Any CPU
		{16BC9C96-3361-45A1-A039-73FF0F1218CB}.Debug|Any CPU.Build.0 = Debug|Any CPU
		{16BC9C96-3361-45A1-A039-73FF0F1218CB}.Release|Any CPU.ActiveCfg = Release|Any CPU
		{16BC9C96-3361-45A1-A039-73FF0F1218CB}.Release|Any CPU.Build.0 = Release|Any CPU
	EndGlobalSection
	GlobalSection(SolutionProperties) = preSolution
		HideSolutionNode = FALSE
	EndGlobalSection
	GlobalSection(ExtensibilityGlobals) = postSolution
		SolutionGuid = {510373F5-DBF0-4B52-A1FA-4DFA6A3C12D9}
	EndGlobalSection
EndGlobal
