
Microsoft Visual Studio Solution File, Format Version 12.00
# Visual Studio Version 17
VisualStudioVersion = 17.4.33213.308
MinimumVisualStudioVersion = 10.0.40219.1
Project("{FAE04EC0-301F-11D3-BF4B-00C04F79EFBC}") = "LR3", "LR3.csproj", "{A261B4EB-3846-4502-94C8-FB958152F329}"
EndProject
Global
	GlobalSection(SolutionConfigurationPlatforms) = preSolution
		Debug|Any CPU = Debug|Any CPU
		Release|Any CPU = Release|Any CPU
	EndGlobalSection
	GlobalSection(ProjectConfigurationPlatforms) = postSolution
		{A261B4EB-3846-4502-94C8-FB958152F329}.Debug|Any CPU.ActiveCfg = Debug|Any CPU
		{A261B4EB-3846-4502-94C8-FB958152F329}.Debug|Any CPU.Build.0 = Debug|Any CPU
		{A261B4EB-3846-4502-94C8-FB958152F329}.Release|Any CPU.ActiveCfg = Release|Any CPU
		{A261B4EB-3846-4502-94C8-FB958152F329}.Release|Any CPU.Build.0 = Release|Any CPU
	EndGlobalSection
	GlobalSection(SolutionProperties) = preSolution
		HideSolutionNode = FALSE
	EndGlobalSection
	GlobalSection(ExtensibilityGlobals) = postSolution
		SolutionGuid = {510373F5-DBF0-4B52-A1FA-4DFA6A3C12D9}
	EndGlobalSection
EndGlobal
